
Microsoft Visual Studio Solution File, Format Version 12.00
# Visual Studio Version 16
VisualStudioVersion = 16.0.29001.49
MinimumVisualStudioVersion = 10.0.40219.1
Project("{FAE04EC0-301F-11D3-BF4B-00C04F79EFBC}") = "MvcLoginRegistration", "MvcLoginRegistration.csproj", "{3B0A12E7-8AF9-4991-AE61-9D750ABB291F}"
EndProject
Global
	GlobalSection(SolutionConfigurationPlatforms) = preSolution
		Debug|Any CPU = Debug|Any CPU
		Release|Any CPU = Release|Any CPU
	EndGlobalSection
	GlobalSection(ProjectConfigurationPlatforms) = postSolution
		{3B0A12E7-8AF9-4991-AE61-9D750ABB291F}.Debug|Any CPU.ActiveCfg = Debug|Any CPU
		{3B0A12E7-8AF9-4991-AE61-9D750ABB291F}.Debug|Any CPU.Build.0 = Debug|Any CPU
		{3B0A12E7-8AF9-4991-AE61-9D750ABB291F}.Release|Any CPU.ActiveCfg = Release|Any CPU
		{3B0A12E7-8AF9-4991-AE61-9D750ABB291F}.Release|Any CPU.Build.0 = Release|Any CPU
	EndGlobalSection
	GlobalSection(SolutionProperties) = preSolution
		HideSolutionNode = FALSE
	EndGlobalSection
	GlobalSection(ExtensibilityGlobals) = postSolution
		SolutionGuid = {0DC89AFF-7B42-474E-BAB5-3AF7760698B8}
	EndGlobalSection
EndGlobal
